
Microsoft Visual Studio Solution File, Format Version 12.00
# Visual Studio 15
VisualStudioVersion = 15.0.28307.852
MinimumVisualStudioVersion = 10.0.40219.1
Project("{FAE04EC0-301F-11D3-BF4B-00C04F79EFBC}") = "GreatRecipes", "GreatRecipes\GreatRecipes.csproj", "{1CAEF127-CECC-4247-BF26-45AEB015A88D}"
EndProject
Global
	GlobalSection(SolutionConfigurationPlatforms) = preSolution
		Debug|Any CPU = Debug|Any CPU
		Release|Any CPU = Release|Any CPU
	EndGlobalSection
	GlobalSection(ProjectConfigurationPlatforms) = postSolution
		{1CAEF127-CECC-4247-BF26-45AEB015A88D}.Debug|Any CPU.ActiveCfg = Debug|Any CPU
		{1CAEF127-CECC-4247-BF26-45AEB015A88D}.Debug|Any CPU.Build.0 = Debug|Any CPU
		{1CAEF127-CECC-4247-BF26-45AEB015A88D}.Release|Any CPU.ActiveCfg = Release|Any CPU
		{1CAEF127-CECC-4247-BF26-45AEB015A88D}.Release|Any CPU.Build.0 = Release|Any CPU
	EndGlobalSection
	GlobalSection(SolutionProperties) = preSolution
		HideSolutionNode = FALSE
	EndGlobalSection
	GlobalSection(ExtensibilityGlobals) = postSolution
		SolutionGuid = {765B5501-25C4-44A2-A4A3-4114E239E1B9}
	EndGlobalSection
EndGlobal
